<?xml version="1.0" encoding="utf-8"?>
<Project ToolsVersion="4.0" xmlns="http://schemas.microsoft.com/developer/msbuild/2003">
  <ItemGroup>
    <Filter Include="HelperClasses">
      <UniqueIdentifier>{63408587-7d90-4680-8860-6155a6bc7de0}</UniqueIdentifier>
    </Filter>
    <Filter Include="Object">
      <UniqueIdentifier>{06600968-0e47-46a8-8e25-dfc9a32e4e98}</UniqueIdentifier>
    </Filter>
    <Filter Include="GameEngine">
      <UniqueIdentifier>{01617b05-0198-4617-b63a-f8de166aadf6}</UniqueIdentifier>
    </Filter>
    <Filter Include="Main">
      <UniqueIdentifier>{a9b82f04-03b1-4916-89b4-21396a8d65e9}</UniqueIdentifier>
    </Filter>
    <Filter Include="HelperClasses\ConfigHandler">
      <UniqueIdentifier>{cc60d8e4-49f4-47e1-818b-a07665eef1e1}</UniqueIdentifier>
    </Filter>
    <Filter Include="SceneStuff">
      <UniqueIdentifier>{2eaf554a-d4a5-45e3-8306-cc5a4f6d6a5e}</UniqueIdentifier>
    </Filter>
    <Filter Include="SceneStuff\Scene">
      <UniqueIdentifier>{b4ceb3dc-5070-4568-8209-dc9d8f1f9a39}</UniqueIdentifier>
    </Filter>
    <Filter Include="SceneStuff\SceneHandler">
      <UniqueIdentifier>{888e5733-9dfa-4757-873c-c1a02d7bb645}</UniqueIdentifier>
    </Filter>
    <Filter Include="GameEngine\EventHandler">
      <UniqueIdentifier>{4cb524d9-58ee-45a1-9704-5497f1f28329}</UniqueIdentifier>
    </Filter>
    <Filter Include="Object\BaseObject">
      <UniqueIdentifier>{514be18d-fc86-49a2-b08b-2c5396e4d25d}</UniqueIdentifier>
    </Filter>
    <Filter Include="Object\PhysicalBaseObject">
      <UniqueIdentifier>{90da109a-350b-4c30-9933-d7145038e53b}</UniqueIdentifier>
    </Filter>
    <Filter Include="GameEngine\PhysicalWorld">
      <UniqueIdentifier>{fe1ecdb5-9906-4feb-9214-8a35b20e4f90}</UniqueIdentifier>
    </Filter>
    <Filter Include="AnimationStuff">
      <UniqueIdentifier>{1652afb0-9f15-4d7e-a2d7-f6c334f191c6}</UniqueIdentifier>
    </Filter>
    <Filter Include="AnimationStuff\AnimationHandler">
      <UniqueIdentifier>{874ddf07-e995-4e33-a971-7384ed38fb8c}</UniqueIdentifier>
    </Filter>
    <Filter Include="AnimationStuff\Animation">
      <UniqueIdentifier>{0a0a4a2f-e98b-4b5f-bf4e-8cc83c21f419}</UniqueIdentifier>
    </Filter>
    <Filter Include="AnimationStuff\Keyframe">
      <UniqueIdentifier>{4fdc1342-ec81-4ecf-8712-b4013ff24fd7}</UniqueIdentifier>
    </Filter>
    <Filter Include="AnimationStuff\SubAnimation">
      <UniqueIdentifier>{dfb9b154-e466-478d-9534-5d3a8ad74dbc}</UniqueIdentifier>
    </Filter>
    <Filter Include="AnimationStuff\AnimationObject">
      <UniqueIdentifier>{4f048140-c08d-41cb-b5dc-c2f81ac0e8ba}</UniqueIdentifier>
    </Filter>
    <Filter Include="GameEngine\Engine">
      <UniqueIdentifier>{5a420843-7b5a-4f41-bdf2-016ae5f8d546}</UniqueIdentifier>
    </Filter>
  </ItemGroup>
  <ItemGroup>
    <ClInclude Include="ExternalInclude.h">
      <Filter>HelperClasses</Filter>
    </ClInclude>
    <ClInclude Include="GlobalEnums.h">
      <Filter>HelperClasses</Filter>
    </ClInclude>
    <ClInclude Include="ConfigHandler.h">
      <Filter>HelperClasses\ConfigHandler</Filter>
    </ClInclude>
    <ClInclude Include="EventHandler.h">
      <Filter>GameEngine\EventHandler</Filter>
    </ClInclude>
    <ClInclude Include="GlobalEventHandler.h">
      <Filter>GameEngine\EventHandler</Filter>
    </ClInclude>
    <ClInclude Include="Scene.h">
      <Filter>SceneStuff\Scene</Filter>
    </ClInclude>
    <ClInclude Include="SceneHandler.h">
      <Filter>SceneStuff\SceneHandler</Filter>
    </ClInclude>
    <ClInclude Include="AnimationHandler.h">
      <Filter>AnimationStuff\AnimationHandler</Filter>
    </ClInclude>
    <ClInclude Include="Animation.h">
      <Filter>AnimationStuff\Animation</Filter>
    </ClInclude>
    <ClInclude Include="Keyframe.h">
      <Filter>AnimationStuff\Keyframe</Filter>
    </ClInclude>
    <ClInclude Include="SubAnimation.h">
      <Filter>AnimationStuff\SubAnimation</Filter>
    </ClInclude>
    <ClInclude Include="Vector2f.h">
      <Filter>HelperClasses</Filter>
    </ClInclude>
    <ClInclude Include="BaseObject.h">
      <Filter>Object\BaseObject</Filter>
    </ClInclude>
    <ClInclude Include="PhysicalBaseObject.h">
      <Filter>Object\PhysicalBaseObject</Filter>
    </ClInclude>
    <ClInclude Include="MultiObject.h">
      <Filter>Object</Filter>
    </ClInclude>
    <ClInclude Include="PhysicalWorld.h">
      <Filter>GameEngine\PhysicalWorld</Filter>
    </ClInclude>
    <ClInclude Include="SortableMap.h">
      <Filter>HelperClasses</Filter>
    </ClInclude>
    <ClInclude Include="AnimationObject.h">
      <Filter>AnimationStuff\AnimationObject</Filter>
    </ClInclude>
    <ClInclude Include="GameEngine.h">
      <Filter>GameEngine\Engine</Filter>
    </ClInclude>
    <ClInclude Include="EngineSetup.h">
      <Filter>GameEngine\Engine</Filter>
    </ClInclude>
  </ItemGroup>
  <ItemGroup>
    <ClCompile Include="main.cpp">
      <Filter>Main</Filter>
    </ClCompile>
    <ClCompile Include="ConfigHandler.cpp">
      <Filter>HelperClasses\ConfigHandler</Filter>
    </ClCompile>
    <ClCompile Include="EventHandler.cpp">
      <Filter>GameEngine\EventHandler</Filter>
    </ClCompile>
    <ClCompile Include="GlobalEventHandler.cpp">
      <Filter>GameEngine\EventHandler</Filter>
    </ClCompile>
    <ClCompile Include="Scene.cpp">
      <Filter>SceneStuff\Scene</Filter>
    </ClCompile>
    <ClCompile Include="SceneHandler.cpp">
      <Filter>SceneStuff\SceneHandler</Filter>
    </ClCompile>
    <ClCompile Include="AnimationHandler.cpp">
      <Filter>AnimationStuff\AnimationHandler</Filter>
    </ClCompile>
    <ClCompile Include="Animation.cpp">
      <Filter>AnimationStuff\Animation</Filter>
    </ClCompile>
    <ClCompile Include="Keyframe.cpp">
      <Filter>AnimationStuff\Keyframe</Filter>
    </ClCompile>
    <ClCompile Include="SubAnimation.cpp">
      <Filter>AnimationStuff\SubAnimation</Filter>
    </ClCompile>
    <ClCompile Include="BaseObject.cpp">
      <Filter>Object\BaseObject</Filter>
    </ClCompile>
    <ClCompile Include="PhysicalBaseObject.cpp">
      <Filter>Object\PhysicalBaseObject</Filter>
    </ClCompile>
    <ClCompile Include="PhysicalWorld.cpp">
      <Filter>GameEngine\PhysicalWorld</Filter>
    </ClCompile>
    <ClCompile Include="AnimationObject.cpp">
      <Filter>AnimationStuff\AnimationObject</Filter>
    </ClCompile>
    <ClCompile Include="GameEngine.cpp">
      <Filter>GameEngine\Engine</Filter>
    </ClCompile>
  </ItemGroup>
</Project>