<?xml version="1.0" encoding="utf-8"?>
<Project ToolsVersion="4.0" xmlns="http://schemas.microsoft.com/developer/msbuild/2003">
  <ItemGroup>
    <Filter Include="HelperClasses">
      <UniqueIdentifier>{63408587-7d90-4680-8860-6155a6bc7de0}</UniqueIdentifier>
    </Filter>
    <Filter Include="Scene">
      <UniqueIdentifier>{2eaf554a-d4a5-45e3-8306-cc5a4f6d6a5e}</UniqueIdentifier>
    </Filter>
  </ItemGroup>
  <ItemGroup>
    <ClInclude Include="EventHandler.h">
      <Filter>HelperClasses</Filter>
    </ClInclude>
    <ClInclude Include="UnorderdMap.h">
      <Filter>HelperClasses</Filter>
    </ClInclude>
    <ClInclude Include="ExternalInclude.h">
      <Filter>HelperClasses</Filter>
    </ClInclude>
    <ClInclude Include="Scene.h">
      <Filter>Scene</Filter>
    </ClInclude>
    <ClInclude Include="SceneHandler.h">
      <Filter>Scene</Filter>
    </ClInclude>
    <ClInclude Include="GlobalEventHandler.h">
      <Filter>HelperClasses</Filter>
    </ClInclude>
    <ClInclude Include="GlobalEnums.h">
      <Filter>HelperClasses</Filter>
    </ClInclude>
  </ItemGroup>
  <ItemGroup>
    <ClCompile Include="EventHandler.cpp">
      <Filter>HelperClasses</Filter>
    </ClCompile>
    <ClCompile Include="SceneHandler.cpp">
      <Filter>Scene</Filter>
    </ClCompile>
    <ClCompile Include="Scene.cpp">
      <Filter>Scene</Filter>
    </ClCompile>
    <ClCompile Include="main.cpp" />
    <ClCompile Include="GlobalEventHandler.cpp">
      <Filter>HelperClasses</Filter>
    </ClCompile>
  </ItemGroup>
</Project>